
Microsoft Visual Studio Solution File, Format Version 12.00
# Visual Studio 15
VisualStudioVersion = 15.0.27004.2005
MinimumVisualStudioVersion = 10.0.40219.1
Project("{FAE04EC0-301F-11D3-BF4B-00C04F79EFBC}") = "Wwh.ConsoleApp", "Wwh.ConsoleApp\Wwh.ConsoleApp.csproj", "{E6340DD3-02A3-406A-ABB0-E892058C379A}"
EndProject
Project("{FAE04EC0-301F-11D3-BF4B-00C04F79EFBC}") = "Wwh.Mvc.Web", "Wwh.Mvc.Web\Wwh.Mvc.Web.csproj", "{E7C35E65-50FE-47E8-B687-361B85038328}"
EndProject
Global
	GlobalSection(SolutionConfigurationPlatforms) = preSolution
		Debug|Any CPU = Debug|Any CPU
		Release|Any CPU = Release|Any CPU
	EndGlobalSection
	GlobalSection(ProjectConfigurationPlatforms) = postSolution
		{E6340DD3-02A3-406A-ABB0-E892058C379A}.Debug|Any CPU.ActiveCfg = Debug|Any CPU
		{E6340DD3-02A3-406A-ABB0-E892058C379A}.Debug|Any CPU.Build.0 = Debug|Any CPU
		{E6340DD3-02A3-406A-ABB0-E892058C379A}.Release|Any CPU.ActiveCfg = Release|Any CPU
		{E6340DD3-02A3-406A-ABB0-E892058C379A}.Release|Any CPU.Build.0 = Release|Any CPU
		{E7C35E65-50FE-47E8-B687-361B85038328}.Debug|Any CPU.ActiveCfg = Debug|Any CPU
		{E7C35E65-50FE-47E8-B687-361B85038328}.Debug|Any CPU.Build.0 = Debug|Any CPU
		{E7C35E65-50FE-47E8-B687-361B85038328}.Release|Any CPU.ActiveCfg = Release|Any CPU
		{E7C35E65-50FE-47E8-B687-361B85038328}.Release|Any CPU.Build.0 = Release|Any CPU
	EndGlobalSection
	GlobalSection(SolutionProperties) = preSolution
		HideSolutionNode = FALSE
	EndGlobalSection
	GlobalSection(ExtensibilityGlobals) = postSolution
		SolutionGuid = {87DDD558-CA2F-4848-9E6B-2DB408CB145A}
	EndGlobalSection
EndGlobal
